
Microsoft Visual Studio Solution File, Format Version 12.00
# Visual Studio Version 17
VisualStudioVersion = 17.13.35931.197 d17.13
MinimumVisualStudioVersion = 10.0.40219.1
Project("{FAE04EC0-301F-11D3-BF4B-00C04F79EFBC}") = "TodoList", "TodoList\TodoList.csproj", "{3B4C341B-26FC-4491-9152-056608E5D833}"
EndProject
Global
	GlobalSection(SolutionConfigurationPlatforms) = preSolution
		Debug|Any CPU = Debug|Any CPU
		Release|Any CPU = Release|Any CPU
	EndGlobalSection
	GlobalSection(ProjectConfigurationPlatforms) = postSolution
		{3B4C341B-26FC-4491-9152-056608E5D833}.Debug|Any CPU.ActiveCfg = Debug|Any CPU
		{3B4C341B-26FC-4491-9152-056608E5D833}.Debug|Any CPU.Build.0 = Debug|Any CPU
		{3B4C341B-26FC-4491-9152-056608E5D833}.Release|Any CPU.ActiveCfg = Release|Any CPU
		{3B4C341B-26FC-4491-9152-056608E5D833}.Release|Any CPU.Build.0 = Release|Any CPU
	EndGlobalSection
	GlobalSection(SolutionProperties) = preSolution
		HideSolutionNode = FALSE
	EndGlobalSection
	GlobalSection(ExtensibilityGlobals) = postSolution
		SolutionGuid = {A695AB54-3091-47E1-B697-E65486B706F0}
	EndGlobalSection
EndGlobal
